// !$*UTF8*$!
{
	archiveVersion = 1;
	classes = {
	};
	objectVersion = 50;
	objects = {

/* Begin PBXBuildFile section */
		06F74DD925A667B400F5F3BD /* AppDelegate.swift in Sources */ = {isa = PBXBuildFile; fileRef = 06F74DD825A667B400F5F3BD /* AppDelegate.swift */; };
		06F74DDB25A667B400F5F3BD /* SceneDelegate.swift in Sources */ = {isa = PBXBuildFile; fileRef = 06F74DDA25A667B400F5F3BD /* SceneDelegate.swift */; };
		06F74DDD25A667B400F5F3BD /* ViewController.swift in Sources */ = {isa = PBXBuildFile; fileRef = 06F74DDC25A667B400F5F3BD /* ViewController.swift */; };
		06F74DE025A667B400F5F3BD /* Main.storyboard in Resources */ = {isa = PBXBuildFile; fileRef = 06F74DDE25A667B400F5F3BD /* Main.storyboard */; };
		06F74DE225A667B500F5F3BD /* Assets.xcassets in Resources */ = {isa = PBXBuildFile; fileRef = 06F74DE125A667B500F5F3BD /* Assets.xcassets */; };
		06F74DE525A667B500F5F3BD /* LaunchScreen.storyboard in Resources */ = {isa = PBXBuildFile; fileRef = 06F74DE325A667B500F5F3BD /* LaunchScreen.storyboard */; };
		06F74DF025A667B500F5F3BD /* PreworkTests.swift in Sources */ = {isa = PBXBuildFile; fileRef = 06F74DEF25A667B500F5F3BD /* PreworkTests.swift */; };
		06F74DFB25A667B500F5F3BD /* PreworkUITests.swift in Sources */ = {isa = PBXBuildFile; fileRef = 06F74DFA25A667B500F5F3BD /* PreworkUITests.swift */; };
/* End PBXBuildFile section */

/* Begin PBXContainerItemProxy section */
		06F74DEC25A667B500F5F3BD /* PBXContainerItemProxy */ = {
			isa = PBXContainerItemProxy;
			containerPortal = 06F74DCD25A667B400F5F3BD /* Project object */;
			proxyType = 1;
			remoteGlobalIDString = 06F74DD425A667B400F5F3BD;
			remoteInfo = Prework;
		};
		06F74DF725A667B500F5F3BD /* PBXContainerItemProxy */ = {
			isa = PBXContainerItemProxy;
			containerPortal = 06F74DCD25A667B400F5F3BD /* Project object */;
			proxyType = 1;
			remoteGlobalIDString = 06F74DD425A667B400F5F3BD;
			remoteInfo = Prework;
		};
/* End PBXContainerItemProxy section */

/* Begin PBXFileReference section */
		06F74DD525A667B400F5F3BD /* Prework.app */ = {isa = PBXFileReference; explicitFileType = wrapper.application; includeInIndex = 0; path = Prework.app; sourceTree = BUILT_PRODUCTS_DIR; };
		06F74DD825A667B400F5F3BD /* AppDelegate.swift */ = {isa = PBXFileReference; lastKnownFileType = sourcecode.swift; path = AppDelegate.swift; sourceTree = "<group>"; };
		06F74DDA25A667B400F5F3BD /* SceneDelegate.swift */ = {isa = PBXFileReference; lastKnownFileType = sourcecode.swift; path = SceneDelegate.swift; sourceTree = "<group>"; };
		06F74DDC25A667B400F5F3BD /* ViewController.swift */ = {isa = PBXFileReference; lastKnownFileType = sourcecode.swift; path = ViewController.swift; sourceTree = "<group>"; };
		06F74DDF25A667B400F5F3BD /* Base */ = {isa = PBXFileReference; lastKnownFileType = file.storyboard; name = Base; path = Base.lproj/Main.storyboard; sourceTree = "<group>"; };
		06F74DE125A667B500F5F3BD /* Assets.xcassets */ = {isa = PBXFileReference; lastKnownFileType = folder.assetcatalog; path = Assets.xcassets; sourceTree = "<group>"; };
		06F74DE425A667B500F5F3BD /* Base */ = {isa = PBXFileReference; lastKnownFileType = file.storyboard; name = Base; path = Base.lproj/LaunchScreen.storyboard; sourceTree = "<group>"; };
		06F74DE625A667B500F5F3BD /* Info.plist */ = {isa = PBXFileReference; lastKnownFileType = text.plist.xml; path = Info.plist; sourceTree = "<group>"; };
		06F74DEB25A667B500F5F3BD /* PreworkTests.xctest */ = {isa = PBXFileReference; explicitFileType = wrapper.cfbundle; includeInIndex = 0; path = PreworkTests.xctest; sourceTree = BUILT_PRODUCTS_DIR; };
		06F74DEF25A667B500F5F3BD /* PreworkTests.swift */ = {isa = PBXFileReference; lastKnownFileType = sourcecode.swift; path = PreworkTests.swift; sourceTree = "<group>"; };
		06F74DF125A667B500F5F3BD /* Info.plist */ = {isa = PBXFileReference; lastKnownFileType = text.plist.xml; path = Info.plist; sourceTree = "<group>"; };
		06F74DF625A667B500F5F3BD /* PreworkUITests.xctest */ = {isa = PBXFileReference; explicitFileType = wrapper.cfbundle; includeInIndex = 0; path = PreworkUITests.xctest; sourceTree = BUILT_PRODUCTS_DIR; };
		06F74DFA25A667B500F5F3BD /* PreworkUITests.swift */ = {isa = PBXFileReference; lastKnownFileType = sourcecode.swift; path = PreworkUITests.swift; sourceTree = "<group>"; };
		06F74DFC25A667B500F5F3BD /* Info.plist */ = {isa = PBXFileReference; lastKnownFileType = text.plist.xml; path = Info.plist; sourceTree = "<group>"; };
/* End PBXFileReference section */

/* Begin PBXFrameworksBuildPhase section */
		06F74DD225A667B400F5F3BD /* Frameworks */ = {
			isa = PBXFrameworksBuildPhase;
			buildActionMask = 2147483647;
			files = (
			);
			runOnlyForDeploymentPostprocessing = 0;
		};
		06F74DE825A667B500F5F3BD /* Frameworks */ = {
			isa = PBXFrameworksBuildPhase;
			buildActionMask = 2147483647;
			files = (
			);
			runOnlyForDeploymentPostprocessing = 0;
		};
		06F74DF325A667B500F5F3BD /* Frameworks */ = {
			isa = PBXFrameworksBuildPhase;
			buildActionMask = 2147483647;
			files = (
			);
			runOnlyForDeploymentPostprocessing = 0;
		};
/* End PBXFrameworksBuildPhase section */

/* Begin PBXGroup section */
		06F74DCC25A667B400F5F3BD = {
			isa = PBXGroup;
			children = (
				06F74DD725A667B400F5F3BD /* Prework */,
				06F74DEE25A667B500F5F3BD /* PreworkTests */,
				06F74DF925A667B500F5F3BD /* PreworkUITests */,
				06F74DD625A667B400F5F3BD /* Products */,
			);
			sourceTree = "<group>";
		};
		06F74DD625A667B400F5F3BD /* Products */ = {
			isa = PBXGroup;
			children = (
				06F74DD525A667B400F5F3BD /* Prework.app */,
				06F74DEB25A667B500F5F3BD /* PreworkTests.xctest */,
				06F74DF625A667B500F5F3BD /* PreworkUITests.xctest */,
			);
			name = Products;
			sourceTree = "<group>";
		};
		06F74DD725A667B400F5F3BD /* Prework */ = {
			isa = PBXGroup;
			children = (
				06F74DD825A667B400F5F3BD /* AppDelegate.swift */,
				06F74DDA25A667B400F5F3BD /* SceneDelegate.swift */,
				06F74DDC25A667B400F5F3BD /* ViewController.swift */,
				06F74DDE25A667B400F5F3BD /* Main.storyboard */,
				06F74DE125A667B500F5F3BD /* Assets.xcassets */,
				06F74DE325A667B500F5F3BD /* LaunchScreen.storyboard */,
				06F74DE625A667B500F5F3BD /* Info.plist */,
			);
			path = Prework;
			sourceTree = "<group>";
		};
		06F74DEE25A667B500F5F3BD /* PreworkTests */ = {
			isa = PBXGroup;
			children = (
				06F74DEF25A667B500F5F3BD /* PreworkTests.swift */,
				06F74DF125A667B500F5F3BD /* Info.plist */,
			);
			path = PreworkTests;
			sourceTree = "<group>";
		};
		06F74DF925A667B500F5F3BD /* PreworkUITests */ = {
			isa = PBXGroup;
			children = (
				06F74DFA25A667B500F5F3BD /* PreworkUITests.swift */,
				06F74DFC25A667B500F5F3BD /* Info.plist */,
			);
			path = PreworkUITests;
			sourceTree = "<group>";
		};
/* End PBXGroup section */

/* Begin PBXNativeTarget section */
		06F74DD425A667B400F5F3BD /* Prework */ = {
			isa = PBXNativeTarget;
			buildConfigurationList = 06F74DFF25A667B500F5F3BD /* Build configuration list for PBXNativeTarget "Prework" */;
			buildPhases = (
				06F74DD125A667B400F5F3BD /* Sources */,
				06F74DD225A667B400F5F3BD /* Frameworks */,
				06F74DD325A667B400F5F3BD /* Resources */,
			);
			buildRules = (
			);
			dependencies = (
			);
			name = Prework;
			productName = Prework;
			productReference = 06F74DD525A667B400F5F3BD /* Prework.app */;
			productType = "com.apple.product-type.application";
		};
		06F74DEA25A667B500F5F3BD /* PreworkTests */ = {
			isa = PBXNativeTarget;
			buildConfigurationList = 06F74E0225A667B500F5F3BD /* Build configuration list for PBXNativeTarget "PreworkTests" */;
			buildPhases = (
				06F74DE725A667B500F5F3BD /* Sources */,
				06F74DE825A667B500F5F3BD /* Frameworks */,
				06F74DE925A667B500F5F3BD /* Resources */,
			);
			buildRules = (
			);
			dependencies = (
				06F74DED25A667B500F5F3BD /* PBXTargetDependency */,
			);
			name = PreworkTests;
			productName = PreworkTests;
			productReference = 06F74DEB25A667B500F5F3BD /* PreworkTests.xctest */;
			productType = "com.apple.product-type.bundle.unit-test";
		};
		06F74DF525A667B500F5F3BD /* PreworkUITests */ = {
			isa = PBXNativeTarget;
			buildConfigurationList = 06F74E0525A667B500F5F3BD /* Build configuration list for PBXNativeTarget "PreworkUITests" */;
			buildPhases = (
				06F74DF225A667B500F5F3BD /* Sources */,
				06F74DF325A667B500F5F3BD /* Frameworks */,
				06F74DF425A667B500F5F3BD /* Resources */,
			);
			buildRules = (
			);
			dependencies = (
				06F74DF825A667B500F5F3BD /* PBXTargetDependency */,
			);
			name = PreworkUITests;
			productName = PreworkUITests;
			productReference = 06F74DF625A667B500F5F3BD /* PreworkUITests.xctest */;
			productType = "com.apple.product-type.bundle.ui-testing";
		};
/* End PBXNativeTarget section */

/* Begin PBXProject section */
		06F74DCD25A667B400F5F3BD /* Project object */ = {
			isa = PBXProject;
			attributes = {
				LastSwiftUpdateCheck = 1230;
				LastUpgradeCheck = 1230;
				TargetAttributes = {
					06F74DD425A667B400F5F3BD = {
						CreatedOnToolsVersion = 12.3;
					};
					06F74DEA25A667B500F5F3BD = {
						CreatedOnToolsVersion = 12.3;
						TestTargetID = 06F74DD425A667B400F5F3BD;
					};
					06F74DF525A667B500F5F3BD = {
						CreatedOnToolsVersion = 12.3;
						TestTargetID = 06F74DD425A667B400F5F3BD;
					};
				};
			};
			buildConfigurationList = 06F74DD025A667B400F5F3BD /* Build configuration list for PBXProject "Prework" */;
			compatibilityVersion = "Xcode 9.3";
			developmentRegion = en;
			hasScannedForEncodings = 0;
			knownRegions = (
				en,
				Base,
			);
			mainGroup = 06F74DCC25A667B400F5F3BD;
			productRefGroup = 06F74DD625A667B400F5F3BD /* Products */;
			projectDirPath = "";
			projectRoot = "";
			targets = (
				06F74DD425A667B400F5F3BD /* Prework */,
				06F74DEA25A667B500F5F3BD /* PreworkTests */,
				06F74DF525A667B500F5F3BD /* PreworkUITests */,
			);
		};
/* End PBXProject section */

/* Begin PBXResourcesBuildPhase section */
		06F74DD325A667B400F5F3BD /* Resources */ = {
			isa = PBXResourcesBuildPhase;
			buildActionMask = 2147483647;
			files = (
				06F74DE525A667B500F5F3BD /* LaunchScreen.storyboard in Resources */,
				06F74DE225A667B500F5F3BD /* Assets.xcassets in Resources */,
				06F74DE025A667B400F5F3BD /* Main.storyboard in Resources */,
			);
			runOnlyForDeploymentPostprocessing = 0;
		};
		06F74DE925A667B500F5F3BD /* Resources */ = {
			isa = PBXResourcesBuildPhase;
			buildActionMask = 2147483647;
			files = (
			);
			runOnlyForDeploymentPostprocessing = 0;
		};
		06F74DF425A667B500F5F3BD /* Resources */ = {
			isa = PBXResourcesBuildPhase;
			buildActionMask = 2147483647;
			files = (
			);
			runOnlyForDeploymentPostprocessing = 0;
		};
/* End PBXResourcesBuildPhase section */

/* Begin PBXSourcesBuildPhase section */
		06F74DD125A667B400F5F3BD /* Sources */ = {
			isa = PBXSourcesBuildPhase;
			buildActionMask = 2147483647;
			files = (
				06F74DDD25A667B400F5F3BD /* ViewController.swift in Sources */,
				06F74DD925A667B400F5F3BD /* AppDelegate.swift in Sources */,
				06F74DDB25A667B400F5F3BD /* SceneDelegate.swift in Sources */,
			);
			runOnlyForDeploymentPostprocessing = 0;
		};
		06F74DE725A667B500F5F3BD /* Sources */ = {
			isa = PBXSourcesBuildPhase;
			buildActionMask = 2147483647;
			files = (
				06F74DF025A667B500F5F3BD /* PreworkTests.swift in Sources */,
			);
			runOnlyForDeploymentPostprocessing = 0;
		};
		06F74DF225A667B500F5F3BD /* Sources */ = {
			isa = PBXSourcesBuildPhase;
			buildActionMask = 2147483647;
			files = (
				06F74DFB25A667B500F5F3BD /* PreworkUITests.swift in Sources */,
			);
			runOnlyForDeploymentPostprocessing = 0;
		};
/* End PBXSourcesBuildPhase section */

/* Begin PBXTargetDependency section */
		06F74DED25A667B500F5F3BD /* PBXTargetDependency */ = {
			isa = PBXTargetDependency;
			target = 06F74DD425A667B400F5F3BD /* Prework */;
			targetProxy = 06F74DEC25A667B500F5F3BD /* PBXContainerItemProxy */;
		};
		06F74DF825A667B500F5F3BD /* PBXTargetDependency */ = {
			isa = PBXTargetDependency;
			target = 06F74DD425A667B400F5F3BD /* Prework */;
			targetProxy = 06F74DF725A667B500F5F3BD /* PBXContainerItemProxy */;
		};
/* End PBXTargetDependency section */

/* Begin PBXVariantGroup section */
		06F74DDE25A667B400F5F3BD /* Main.storyboard */ = {
			isa = PBXVariantGroup;
			children = (
				06F74DDF25A667B400F5F3BD /* Base */,
			);
			name = Main.storyboard;
			sourceTree = "<group>";
		};
		06F74DE325A667B500F5F3BD /* LaunchScreen.storyboard */ = {
			isa = PBXVariantGroup;
			children = (
				06F74DE425A667B500F5F3BD /* Base */,
			);
			name = LaunchScreen.storyboard;
			sourceTree = "<group>";
		};
/* End PBXVariantGroup section */

/* Begin XCBuildConfiguration section */
		06F74DFD25A667B500F5F3BD /* Debug */ = {
			isa = XCBuildConfiguration;
			buildSettings = {
				ALWAYS_SEARCH_USER_PATHS = NO;
				CLANG_ANALYZER_NONNULL = YES;
				CLANG_ANALYZER_NUMBER_OBJECT_CONVERSION = YES_AGGRESSIVE;
				CLANG_CXX_LANGUAGE_STANDARD = "gnu++14";
				CLANG_CXX_LIBRARY = "libc++";
				CLANG_ENABLE_MODULES = YES;
				CLANG_ENABLE_OBJC_ARC = YES;
				CLANG_ENABLE_OBJC_WEAK = YES;
				CLANG_WARN_BLOCK_CAPTURE_AUTORELEASING = YES;
				CLANG_WARN_BOOL_CONVERSION = YES;
				CLANG_WARN_COMMA = YES;
				CLANG_WARN_CONSTANT_CONVERSION = YES;
				CLANG_WARN_DEPRECATED_OBJC_IMPLEMENTATIONS = YES;
				CLANG_WARN_DIRECT_OBJC_ISA_USAGE = YES_ERROR;
				CLANG_WARN_DOCUMENTATION_COMMENTS = YES;
				CLANG_WARN_EMPTY_BODY = YES;
				CLANG_WARN_ENUM_CONVERSION = YES;
				CLANG_WARN_INFINITE_RECURSION = YES;
				CLANG_WARN_INT_CONVERSION = YES;
				CLANG_WARN_NON_LITERAL_NULL_CONVERSION = YES;
				CLANG_WARN_OBJC_IMPLICIT_RETAIN_SELF = YES;
				CLANG_WARN_OBJC_LITERAL_CONVERSION = YES;
				CLANG_WARN_OBJC_ROOT_CLASS = YES_ERROR;
				CLANG_WARN_QUOTED_INCLUDE_IN_FRAMEWORK_HEADER = YES;
				CLANG_WARN_RANGE_LOOP_ANALYSIS = YES;
				CLANG_WARN_STRICT_PROTOTYPES = YES;
				CLANG_WARN_SUSPICIOUS_MOVE = YES;
				CLANG_WARN_UNGUARDED_AVAILABILITY = YES_AGGRESSIVE;
				CLANG_WARN_UNREACHABLE_CODE = YES;
				CLANG_WARN__DUPLICATE_METHOD_MATCH = YES;
				COPY_PHASE_STRIP = NO;
				DEBUG_INFORMATION_FORMAT = dwarf;
				ENABLE_STRICT_OBJC_MSGSEND = YES;
				ENABLE_TESTABILITY = YES;
				GCC_C_LANGUAGE_STANDARD = gnu11;
				GCC_DYNAMIC_NO_PIC = NO;
				GCC_NO_COMMON_BLOCKS = YES;
				GCC_OPTIMIZATION_LEVEL = 0;
				GCC_PREPROCESSOR_DEFINITIONS = (
					"DEBUG=1",
					"$(inherited)",
				);
				GCC_WARN_64_TO_32_BIT_CONVERSION = YES;
				GCC_WARN_ABOUT_RETURN_TYPE = YES_ERROR;
				GCC_WARN_UNDECLARED_SELECTOR = YES;
				GCC_WARN_UNINITIALIZED_AUTOS = YES_AGGRESSIVE;
				GCC_WARN_UNUSED_FUNCTION = YES;
				GCC_WARN_UNUSED_VARIABLE = YES;
				IPHONEOS_DEPLOYMENT_TARGET = 14.3;
				MTL_ENABLE_DEBUG_INFO = INCLUDE_SOURCE;
				MTL_FAST_MATH = YES;
				ONLY_ACTIVE_ARCH = YES;
				SDKROOT = iphoneos;
				SWIFT_ACTIVE_COMPILATION_CONDITIONS = DEBUG;
				SWIFT_OPTIMIZATION_LEVEL = "-Onone";
			};
			name = Debug;
		};
		06F74DFE25A667B500F5F3BD /* Release */ = {
			isa = XCBuildConfiguration;
			buildSettings = {
				ALWAYS_SEARCH_USER_PATHS = NO;
				CLANG_ANALYZER_NONNULL = YES;
				CLANG_ANALYZER_NUMBER_OBJECT_CONVERSION = YES_AGGRESSIVE;
				CLANG_CXX_LANGUAGE_STANDARD = "gnu++14";
				CLANG_CXX_LIBRARY = "libc++";
				CLANG_ENABLE_MODULES = YES;
				CLANG_ENABLE_OBJC_ARC = YES;
				CLANG_ENABLE_OBJC_WEAK = YES;
				CLANG_WARN_BLOCK_CAPTURE_AUTORELEASING = YES;
				CLANG_WARN_BOOL_CONVERSION = YES;
				CLANG_WARN_COMMA = YES;
				CLANG_WARN_CONSTANT_CONVERSION = YES;
				CLANG_WARN_DEPRECATED_OBJC_IMPLEMENTATIONS = YES;
				CLANG_WARN_DIRECT_OBJC_ISA_USAGE = YES_ERROR;
				CLANG_WARN_DOCUMENTATION_COMMENTS = YES;
				CLANG_WARN_EMPTY_BODY = YES;
				CLANG_WARN_ENUM_CONVERSION = YES;
				CLANG_WARN_INFINITE_RECURSION = YES;
				CLANG_WARN_INT_CONVERSION = YES;
				CLANG_WARN_NON_LITERAL_NULL_CONVERSION = YES;
				CLANG_WARN_OBJC_IMPLICIT_RETAIN_SELF = YES;
				CLANG_WARN_OBJC_LITERAL_CONVERSION = YES;
				CLANG_WARN_OBJC_ROOT_CLASS = YES_ERROR;
				CLANG_WARN_QUOTED_INCLUDE_IN_FRAMEWORK_HEADER = YES;
				CLANG_WARN_RANGE_LOOP_ANALYSIS = YES;
				CLANG_WARN_STRICT_PROTOTYPES = YES;
				CLANG_WARN_SUSPICIOUS_MOVE = YES;
				CLANG_WARN_UNGUARDED_AVAILABILITY = YES_AGGRESSIVE;
				CLANG_WARN_UNREACHABLE_CODE = YES;
				CLANG_WARN__DUPLICATE_METHOD_MATCH = YES;
				COPY_PHASE_STRIP = NO;
				DEBUG_INFORMATION_FORMAT = "dwarf-with-dsym";
				ENABLE_NS_ASSERTIONS = NO;
				ENABLE_STRICT_OBJC_MSGSEND = YES;
				GCC_C_LANGUAGE_STANDARD = gnu11;
				GCC_NO_COMMON_BLOCKS = YES;
				GCC_WARN_64_TO_32_BIT_CONVERSION = YES;
				GCC_WARN_ABOUT_RETURN_TYPE = YES_ERROR;
				GCC_WARN_UNDECLARED_SELECTOR = YES;
				GCC_WARN_UNINITIALIZED_AUTOS = YES_AGGRESSIVE;
				GCC_WARN_UNUSED_FUNCTION = YES;
				GCC_WARN_UNUSED_VARIABLE = YES;
				IPHONEOS_DEPLOYMENT_TARGET = 14.3;
				MTL_ENABLE_DEBUG_INFO = NO;
				MTL_FAST_MATH = YES;
				SDKROOT = iphoneos;
				SWIFT_COMPILATION_MODE = wholemodule;
				SWIFT_OPTIMIZATION_LEVEL = "-O";
				VALIDATE_PRODUCT = YES;
			};
			name = Release;
		};
		06F74E0025A667B500F5F3BD /* Debug */ = {
			isa = XCBuildConfiguration;
			buildSettings = {
				ASSETCATALOG_COMPILER_APPICON_NAME = AppIcon;
				ASSETCATALOG_COMPILER_GLOBAL_ACCENT_COLOR_NAME = AccentColor;
				CODE_SIGN_STYLE = Automatic;
				INFOPLIST_FILE = Prework/Info.plist;
				LD_RUNPATH_SEARCH_PATHS = (
					"$(inherited)",
					"@executable_path/Frameworks",
				);
				PRODUCT_BUNDLE_IDENTIFIER = memo.com.Prework;
				PRODUCT_NAME = "$(TARGET_NAME)";
				SWIFT_VERSION = 5.0;
				TARGETED_DEVICE_FAMILY = "1,2";
			};
			name = Debug;
		};
		06F74E0125A667B500F5F3BD /* Release */ = {
			isa = XCBuildConfiguration;
			buildSettings = {
				ASSETCATALOG_COMPILER_APPICON_NAME = AppIcon;
				ASSETCATALOG_COMPILER_GLOBAL_ACCENT_COLOR_NAME = AccentColor;
				CODE_SIGN_STYLE = Automatic;
				INFOPLIST_FILE = Prework/Info.plist;
				LD_RUNPATH_SEARCH_PATHS = (
					"$(inherited)",
					"@executable_path/Frameworks",
				);
				PRODUCT_BUNDLE_IDENTIFIER = memo.com.Prework;
				PRODUCT_NAME = "$(TARGET_NAME)";
				SWIFT_VERSION = 5.0;
				TARGETED_DEVICE_FAMILY = "1,2";
			};
			name = Release;
		};
		06F74E0325A667B500F5F3BD /* Debug */ = {
			isa = XCBuildConfiguration;
			buildSettings = {
				ALWAYS_EMBED_SWIFT_STANDARD_LIBRARIES = YES;
				BUNDLE_LOADER = "$(TEST_HOST)";
				CODE_SIGN_STYLE = Automatic;
				INFOPLIST_FILE = PreworkTests/Info.plist;
				IPHONEOS_DEPLOYMENT_TARGET = 14.3;
				LD_RUNPATH_SEARCH_PATHS = (
					"$(inherited)",
					"@executable_path/Frameworks",
					"@loader_path/Frameworks",
				);
				PRODUCT_BUNDLE_IDENTIFIER = memo.com.PreworkTests;
				PRODUCT_NAME = "$(TARGET_NAME)";
				SWIFT_VERSION = 5.0;
				TARGETED_DEVICE_FAMILY = "1,2";
				TEST_HOST = "$(BUILT_PRODUCTS_DIR)/Prework.app/Prework";
			};
			name = Debug;
		};
		06F74E0425A667B500F5F3BD /* Release */ = {
			isa = XCBuildConfiguration;
			buildSettings = {
				ALWAYS_EMBED_SWIFT_STANDARD_LIBRARIES = YES;
				BUNDLE_LOADER = "$(TEST_HOST)";
				CODE_SIGN_STYLE = Automatic;
				INFOPLIST_FILE = PreworkTests/Info.plist;
				IPHONEOS_DEPLOYMENT_TARGET = 14.3;
				LD_RUNPATH_SEARCH_PATHS = (
					"$(inherited)",
					"@executable_path/Frameworks",
					"@loader_path/Frameworks",
				);
				PRODUCT_BUNDLE_IDENTIFIER = memo.com.PreworkTests;
				PRODUCT_NAME = "$(TARGET_NAME)";
				SWIFT_VERSION = 5.0;
				TARGETED_DEVICE_FAMILY = "1,2";
				TEST_HOST = "$(BUILT_PRODUCTS_DIR)/Prework.app/Prework";
			};
			name = Release;
		};
		06F74E0625A667B500F5F3BD /* Debug */ = {
			isa = XCBuildConfiguration;
			buildSettings = {
				ALWAYS_EMBED_SWIFT_STANDARD_LIBRARIES = YES;
				CODE_SIGN_STYLE = Automatic;
				INFOPLIST_FILE = PreworkUITests/Info.plist;
				LD_RUNPATH_SEARCH_PATHS = (
					"$(inherited)",
					"@executable_path/Frameworks",
					"@loader_path/Frameworks",
				);
				PRODUCT_BUNDLE_IDENTIFIER = memo.com.PreworkUITests;
				PRODUCT_NAME = "$(TARGET_NAME)";
				SWIFT_VERSION = 5.0;
				TARGETED_DEVICE_FAMILY = "1,2";
				TEST_TARGET_NAME = Prework;
			};
			name = Debug;
		};
		06F74E0725A667B500F5F3BD /* Release */ = {
			isa = XCBuildConfiguration;
			buildSettings = {
				ALWAYS_EMBED_SWIFT_STANDARD_LIBRARIES = YES;
				CODE_SIGN_STYLE = Automatic;
				INFOPLIST_FILE = PreworkUITests/Info.plist;
				LD_RUNPATH_SEARCH_PATHS = (
					"$(inherited)",
					"@executable_path/Frameworks",
					"@loader_path/Frameworks",
				);
				PRODUCT_BUNDLE_IDENTIFIER = memo.com.PreworkUITests;
				PRODUCT_NAME = "$(TARGET_NAME)";
				SWIFT_VERSION = 5.0;
				TARGETED_DEVICE_FAMILY = "1,2";
				TEST_TARGET_NAME = Prework;
			};
			name = Release;
		};
/* End XCBuildConfiguration section */

/* Begin XCConfigurationList section */
		06F74DD025A667B400F5F3BD /* Build configuration list for PBXProject "Prework" */ = {
			isa = XCConfigurationList;
			buildConfigurations = (
				06F74DFD25A667B500F5F3BD /* Debug */,
				06F74DFE25A667B500F5F3BD /* Release */,
			);
			defaultConfigurationIsVisible = 0;
			defaultConfigurationName = Release;
		};
		06F74DFF25A667B500F5F3BD /* Build configuration list for PBXNativeTarget "Prework" */ = {
			isa = XCConfigurationList;
			buildConfigurations = (
				06F74E0025A667B500F5F3BD /* Debug */,
				06F74E0125A667B500F5F3BD /* Release */,
			);
			defaultConfigurationIsVisible = 0;
			defaultConfigurationName = Release;
		};
		06F74E0225A667B500F5F3BD /* Build configuration list for PBXNativeTarget "PreworkTests" */ = {
			isa = XCConfigurationList;
			buildConfigurations = (
				06F74E0325A667B500F5F3BD /* Debug */,
				06F74E0425A667B500F5F3BD /* Release */,
			);
			defaultConfigurationIsVisible = 0;
			defaultConfigurationName = Release;
		};
		06F74E0525A667B500F5F3BD /* Build configuration list for PBXNativeTarget "PreworkUITests" */ = {
			isa = XCConfigurationList;
			buildConfigurations = (
				06F74E0625A667B500F5F3BD /* Debug */,
				06F74E0725A667B500F5F3BD /* Release */,
			);
			defaultConfigurationIsVisible = 0;
			defaultConfigurationName = Release;
		};
/* End XCConfigurationList section */
	};
	rootObject = 06F74DCD25A667B400F5F3BD /* Project object */;
}
